
Microsoft Visual Studio Solution File, Format Version 12.00
# Visual Studio 2013
VisualStudioVersion = 12.0.31101.0
MinimumVisualStudioVersion = 10.0.40219.1
Project("{FAE04EC0-301F-11D3-BF4B-00C04F79EFBC}") = "Opt.Options", "Opt.Options\Opt.Options.csproj", "{1A4CC0C7-C6F8-4A45-809C-F09780918D7D}"
EndProject
Project("{FAE04EC0-301F-11D3-BF4B-00C04F79EFBC}") = "Opt.Core", "Opt.Core\Opt.Core.csproj", "{37E1A9AC-C124-44C7-953D-5CE1F93E0E88}"
EndProject
Project("{FAE04EC0-301F-11D3-BF4B-00C04F79EFBC}") = "Opt.Tests", "Opt.Tests\Opt.Tests.csproj", "{B4E40F58-A3FF-4081-9CA2-ED9C9578D247}"
EndProject
Global
	GlobalSection(SolutionConfigurationPlatforms) = preSolution
		Debug|Any CPU = Debug|Any CPU
		Release|Any CPU = Release|Any CPU
	EndGlobalSection
	GlobalSection(ProjectConfigurationPlatforms) = postSolution
		{1A4CC0C7-C6F8-4A45-809C-F09780918D7D}.Debug|Any CPU.ActiveCfg = Debug|Any CPU
		{1A4CC0C7-C6F8-4A45-809C-F09780918D7D}.Debug|Any CPU.Build.0 = Debug|Any CPU
		{1A4CC0C7-C6F8-4A45-809C-F09780918D7D}.Release|Any CPU.ActiveCfg = Release|Any CPU
		{1A4CC0C7-C6F8-4A45-809C-F09780918D7D}.Release|Any CPU.Build.0 = Release|Any CPU
		{37E1A9AC-C124-44C7-953D-5CE1F93E0E88}.Debug|Any CPU.ActiveCfg = Debug|Any CPU
		{37E1A9AC-C124-44C7-953D-5CE1F93E0E88}.Debug|Any CPU.Build.0 = Debug|Any CPU
		{37E1A9AC-C124-44C7-953D-5CE1F93E0E88}.Release|Any CPU.ActiveCfg = Release|Any CPU
		{37E1A9AC-C124-44C7-953D-5CE1F93E0E88}.Release|Any CPU.Build.0 = Release|Any CPU
		{B4E40F58-A3FF-4081-9CA2-ED9C9578D247}.Debug|Any CPU.ActiveCfg = Debug|Any CPU
		{B4E40F58-A3FF-4081-9CA2-ED9C9578D247}.Debug|Any CPU.Build.0 = Debug|Any CPU
		{B4E40F58-A3FF-4081-9CA2-ED9C9578D247}.Release|Any CPU.ActiveCfg = Release|Any CPU
		{B4E40F58-A3FF-4081-9CA2-ED9C9578D247}.Release|Any CPU.Build.0 = Release|Any CPU
	EndGlobalSection
	GlobalSection(SolutionProperties) = preSolution
		HideSolutionNode = FALSE
	EndGlobalSection
EndGlobal
